
Microsoft Visual Studio Solution File, Format Version 12.00
# Visual Studio Version 16
VisualStudioVersion = 16.0.33529.622
MinimumVisualStudioVersion = 10.0.40219.1
Project("{FAE04EC0-301F-11D3-BF4B-00C04F79EFBC}") = "BookEventApp", "BookEventApp.csproj", "{ABB32DBE-89DB-461A-8D0B-06F1B25B2981}"
EndProject
Global
	GlobalSection(SolutionConfigurationPlatforms) = preSolution
		Debug|Any CPU = Debug|Any CPU
		Release|Any CPU = Release|Any CPU
	EndGlobalSection
	GlobalSection(ProjectConfigurationPlatforms) = postSolution
		{ABB32DBE-89DB-461A-8D0B-06F1B25B2981}.Debug|Any CPU.ActiveCfg = Debug|Any CPU
		{ABB32DBE-89DB-461A-8D0B-06F1B25B2981}.Debug|Any CPU.Build.0 = Debug|Any CPU
		{ABB32DBE-89DB-461A-8D0B-06F1B25B2981}.Release|Any CPU.ActiveCfg = Release|Any CPU
		{ABB32DBE-89DB-461A-8D0B-06F1B25B2981}.Release|Any CPU.Build.0 = Release|Any CPU
	EndGlobalSection
	GlobalSection(SolutionProperties) = preSolution
		HideSolutionNode = FALSE
	EndGlobalSection
	GlobalSection(ExtensibilityGlobals) = postSolution
		SolutionGuid = {8A80CECE-E419-4F1F-8296-8E2220F05806}
	EndGlobalSection
EndGlobal
